
Microsoft Visual Studio Solution File, Format Version 12.00
# Visual Studio Version 17
Project("{9A19103F-16F7-4668-BE54-9A1E7A4F7556}") = "Sandbox", "Sandbox.csproj", "{90B0B94B-17CE-469E-8185-B9E8A6BDE810}"
EndProject
Global
	GlobalSection(SolutionConfigurationPlatforms) = preSolution
		Debug|Any CPU = Debug|Any CPU
		Release|Any CPU = Release|Any CPU
	EndGlobalSection
	GlobalSection(ProjectConfigurationPlatforms) = postSolution
		{90B0B94B-17CE-469E-8185-B9E8A6BDE810}.Debug|Any CPU.ActiveCfg = Debug|Any CPU
		{90B0B94B-17CE-469E-8185-B9E8A6BDE810}.Debug|Any CPU.Build.0 = Debug|Any CPU
		{90B0B94B-17CE-469E-8185-B9E8A6BDE810}.Release|Any CPU.ActiveCfg = Release|Any CPU
		{90B0B94B-17CE-469E-8185-B9E8A6BDE810}.Release|Any CPU.Build.0 = Release|Any CPU
	EndGlobalSection
EndGlobal
