
Microsoft Visual Studio Solution File, Format Version 12.00
# Visual Studio Version 17
Project("{9A19103F-16F7-4668-BE54-9A1E7A4F7556}") = "Sandbox", "Sandbox.csproj", "{FFF89B77-EFB9-4A63-AAC4-2A27F360ADDD}"
EndProject
Global
	GlobalSection(SolutionConfigurationPlatforms) = preSolution
		Debug|Any CPU = Debug|Any CPU
		Release|Any CPU = Release|Any CPU
	EndGlobalSection
	GlobalSection(ProjectConfigurationPlatforms) = postSolution
		{FFF89B77-EFB9-4A63-AAC4-2A27F360ADDD}.Debug|Any CPU.ActiveCfg = Debug|Any CPU
		{FFF89B77-EFB9-4A63-AAC4-2A27F360ADDD}.Debug|Any CPU.Build.0 = Debug|Any CPU
		{FFF89B77-EFB9-4A63-AAC4-2A27F360ADDD}.Release|Any CPU.ActiveCfg = Release|Any CPU
		{FFF89B77-EFB9-4A63-AAC4-2A27F360ADDD}.Release|Any CPU.Build.0 = Release|Any CPU
	EndGlobalSection
EndGlobal
