
Microsoft Visual Studio Solution File, Format Version 12.00
# Visual Studio Version 17
Project("{9A19103F-16F7-4668-BE54-9A1E7A4F7556}") = "Sandbox", "Sandbox.csproj", "{DC3CF56F-ECC4-4F17-8A2B-BBA4CB1C3F57}"
EndProject
Global
	GlobalSection(SolutionConfigurationPlatforms) = preSolution
		Debug|Any CPU = Debug|Any CPU
		Release|Any CPU = Release|Any CPU
	EndGlobalSection
	GlobalSection(ProjectConfigurationPlatforms) = postSolution
		{DC3CF56F-ECC4-4F17-8A2B-BBA4CB1C3F57}.Debug|Any CPU.ActiveCfg = Debug|Any CPU
		{DC3CF56F-ECC4-4F17-8A2B-BBA4CB1C3F57}.Debug|Any CPU.Build.0 = Debug|Any CPU
		{DC3CF56F-ECC4-4F17-8A2B-BBA4CB1C3F57}.Release|Any CPU.ActiveCfg = Release|Any CPU
		{DC3CF56F-ECC4-4F17-8A2B-BBA4CB1C3F57}.Release|Any CPU.Build.0 = Release|Any CPU
	EndGlobalSection
EndGlobal
