<Solution>
  <Folder Name="/framework/">
    <Project Path="framework/Spot.Framework.Core/Spot.Framework.Core.csproj" />
    <Project Path="framework/Spot.Framework/Spot.Framework.csproj" />
    <Project Path="framework/Spot.Framework.Assimp/Spot.Framework.Assimp.csproj" />
  </Folder>
  <Folder Name="/engine/">
    <Project Path="engine/Spot.Engine.csproj" />
    <Project Path="debugui/Spot.DebugUI.csproj" />
  </Folder>
  <Folder Name="/net/">
    <Project Path="net/Spot.Net/Spot.Net.csproj" />
  </Folder>
  <Folder Name="/samples/">
    <Project Path="samples/HelloQuad/HelloQuad.csproj" />
    <Project Path="samples/HelloTriangle/HelloTriangle.csproj" />
    <Project Path="samples/Hello2D/Hello2D.csproj" />
    <Project Path="samples/Hello3D/Hello3D.csproj" />
  </Folder>
  <Folder Name="/sandbox/" />
  <Folder Name="/editor/">
    <Project Path="editor/Spot.Editor.csproj" />
  </Folder>
  <Folder Name="/tools/">
    <Project Path="tools/Spot.Build/Spot.Build.csproj" />
    <Project Path="tools/Spot.Cli/Spot.Cli.csproj" />
    <Project Path="tools/Spot.ScriptGen/Spot.ScriptGen.csproj" />
  </Folder>
  <Folder Name="/tests/">
    <Project Path="tests/Spot.Framework.Tests/Spot.Framework.Tests.csproj" />
    <Project Path="tests/Spot.Engine.Tests/Spot.Engine.Tests.csproj" />
    <Project Path="tests/Spot.Build.Tests/Spot.Build.Tests.csproj" />
    <Project Path="tests/Spot.Net.Tests/Spot.Net.Tests.csproj" />
  </Folder>
</Solution>
