
Microsoft Visual Studio Solution File, Format Version 12.00
# Visual Studio Version 17
VisualStudioVersion = 17.7.34031.279
MinimumVisualStudioVersion = 10.0.40219.1
Project("{9A19103F-16F7-4668-BE54-9A1E7A4F7556}") = "Spot", "src\Spot\Spot.csproj", "{24E98BC5-B902-43F4-BD3E-23186FD3A904}"
EndProject
Project("{9A19103F-16F7-4668-BE54-9A1E7A4F7556}") = "Sandbox", "src\Sandbox\Sandbox.csproj", "{F923FD3F-8460-43C0-AC14-7E21231B6573}"
EndProject
Global
	GlobalSection(SolutionConfigurationPlatforms) = preSolution
		Debug|Any CPU = Debug|Any CPU
		Release|Any CPU = Release|Any CPU
	EndGlobalSection
	GlobalSection(ProjectConfigurationPlatforms) = postSolution
		{24E98BC5-B902-43F4-BD3E-23186FD3A904}.Debug|Any CPU.ActiveCfg = Debug|Any CPU
		{24E98BC5-B902-43F4-BD3E-23186FD3A904}.Debug|Any CPU.Build.0 = Debug|Any CPU
		{24E98BC5-B902-43F4-BD3E-23186FD3A904}.Release|Any CPU.ActiveCfg = Release|Any CPU
		{24E98BC5-B902-43F4-BD3E-23186FD3A904}.Release|Any CPU.Build.0 = Release|Any CPU
		{F923FD3F-8460-43C0-AC14-7E21231B6573}.Debug|Any CPU.ActiveCfg = Debug|Any CPU
		{F923FD3F-8460-43C0-AC14-7E21231B6573}.Debug|Any CPU.Build.0 = Debug|Any CPU
		{F923FD3F-8460-43C0-AC14-7E21231B6573}.Release|Any CPU.ActiveCfg = Release|Any CPU
		{F923FD3F-8460-43C0-AC14-7E21231B6573}.Release|Any CPU.Build.0 = Release|Any CPU
	EndGlobalSection
	GlobalSection(SolutionProperties) = preSolution
		HideSolutionNode = FALSE
	EndGlobalSection
	GlobalSection(ExtensibilityGlobals) = postSolution
		SolutionGuid = {1C8EB4F5-C2F4-4046-94D7-7F89FA679D71}
	EndGlobalSection
EndGlobal
