
Microsoft Visual Studio Solution File, Format Version 12.00
# Visual Studio Version 17
VisualStudioVersion = 17.7.34031.279
MinimumVisualStudioVersion = 10.0.40219.1
Project("{9A19103F-16F7-4668-BE54-9A1E7A4F7556}") = "Spot", "Spot\Spot.csproj", "{3B03C7E8-DC92-41B4-8B34-E52C03CDFDC9}"
EndProject
Project("{2150E333-8FDC-42A3-9474-1A3956D46DE8}") = "src", "src", "{D3C893D3-FA91-46FB-ACCE-E2B3C32C25F8}"
EndProject
Project("{9A19103F-16F7-4668-BE54-9A1E7A4F7556}") = "Sandbox", "Sandbox\Sandbox.csproj", "{224AD6C3-2FD8-4605-953A-575D65A9E04D}"
EndProject
Global
	GlobalSection(SolutionConfigurationPlatforms) = preSolution
		Debug|Any CPU = Debug|Any CPU
		Release|Any CPU = Release|Any CPU
	EndGlobalSection
	GlobalSection(ProjectConfigurationPlatforms) = postSolution
		{3B03C7E8-DC92-41B4-8B34-E52C03CDFDC9}.Debug|Any CPU.ActiveCfg = Debug|Any CPU
		{3B03C7E8-DC92-41B4-8B34-E52C03CDFDC9}.Debug|Any CPU.Build.0 = Debug|Any CPU
		{3B03C7E8-DC92-41B4-8B34-E52C03CDFDC9}.Release|Any CPU.ActiveCfg = Release|Any CPU
		{3B03C7E8-DC92-41B4-8B34-E52C03CDFDC9}.Release|Any CPU.Build.0 = Release|Any CPU
		{224AD6C3-2FD8-4605-953A-575D65A9E04D}.Debug|Any CPU.ActiveCfg = Debug|Any CPU
		{224AD6C3-2FD8-4605-953A-575D65A9E04D}.Debug|Any CPU.Build.0 = Debug|Any CPU
		{224AD6C3-2FD8-4605-953A-575D65A9E04D}.Release|Any CPU.ActiveCfg = Release|Any CPU
		{224AD6C3-2FD8-4605-953A-575D65A9E04D}.Release|Any CPU.Build.0 = Release|Any CPU
	EndGlobalSection
	GlobalSection(SolutionProperties) = preSolution
		HideSolutionNode = FALSE
	EndGlobalSection
	GlobalSection(NestedProjects) = preSolution
		{3B03C7E8-DC92-41B4-8B34-E52C03CDFDC9} = {D3C893D3-FA91-46FB-ACCE-E2B3C32C25F8}
	EndGlobalSection
	GlobalSection(ExtensibilityGlobals) = postSolution
		SolutionGuid = {1C8EB4F5-C2F4-4046-94D7-7F89FA679D71}
	EndGlobalSection
EndGlobal
